
Microsoft Visual Studio Solution File, Format Version 12.00
# Visual Studio 2012
Project("{FAE04EC0-301F-11D3-BF4B-00C04F79EFBC}") = "AdapterDeseni2", "AdapterDeseni2\AdapterDeseni2.csproj", "{B6743EB1-1E86-4DE6-B777-EA42D1DB696E}"
EndProject
Global
	GlobalSection(SolutionConfigurationPlatforms) = preSolution
		Debug|Any CPU = Debug|Any CPU
		Release|Any CPU = Release|Any CPU
	EndGlobalSection
	GlobalSection(ProjectConfigurationPlatforms) = postSolution
		{B6743EB1-1E86-4DE6-B777-EA42D1DB696E}.Debug|Any CPU.ActiveCfg = Debug|Any CPU
		{B6743EB1-1E86-4DE6-B777-EA42D1DB696E}.Debug|Any CPU.Build.0 = Debug|Any CPU
		{B6743EB1-1E86-4DE6-B777-EA42D1DB696E}.Release|Any CPU.ActiveCfg = Release|Any CPU
		{B6743EB1-1E86-4DE6-B777-EA42D1DB696E}.Release|Any CPU.Build.0 = Release|Any CPU
	EndGlobalSection
	GlobalSection(SolutionProperties) = preSolution
		HideSolutionNode = FALSE
	EndGlobalSection
EndGlobal
